{
  "version": 4,
  "terraform_version": "1.3.4",
  "serial": 24,
  "lineage": "70e37b75-3709-cb1f-697a-4bc397c7d571",
  "outputs": {},
  "resources": [
    {
      "mode": "managed",
      "type": "azurerm_dns_a_record",
      "name": "cgiproject",
      "provider": "provider[\"registry.terraform.io/hashicorp/azurerm\"]",
      "instances": [
        {
          "schema_version": 0,
          "attributes": {
            "fqdn": "cgi.cgi-automation-challenge.cgi.com.",
            "id": "/subscriptions/b86829c3-25e9-4a83-b961-836bb4549473/resourceGroups/nginx-webserver/providers/Microsoft.Network/dnszones/cgi-automation-challenge.cgi.com/A/cgi",
            "name": "cgi",
            "records": [
              "127.0.0.1"
            ],
            "resource_group_name": "nginx-webserver",
            "tags": {},
            "target_resource_id": "",
            "timeouts": null,
            "ttl": 300,
            "zone_name": "North Europe"
          },
          "sensitive_attributes": [],
          "private": "eyJlMmJmYjczMC1lY2FhLTExZTYtOGY4OC0zNDM2M2JjN2M0YzAiOnsiY3JlYXRlIjoxODAwMDAwMDAwMDAwLCJkZWxldGUiOjE4MDAwMDAwMDAwMDAsInJlYWQiOjMwMDAwMDAwMDAwMCwidXBkYXRlIjoxODAwMDAwMDAwMDAwfX0="
        }
      ]
    },
    {
      "mode": "managed",
      "type": "azurerm_dns_zone",
      "name": "cgiautomationchallengecgicom",
      "provider": "provider[\"registry.terraform.io/hashicorp/azurerm\"]",
      "instances": [
        {
          "schema_version": 0,
          "attributes": {
            "id": "/subscriptions/b86829c3-25e9-4a83-b961-836bb4549473/resourceGroups/nginx-webserver/providers/Microsoft.Network/dnszones/cgi-automation-challenge.cgi.com",
            "max_number_of_record_sets": 10000,
            "name": "cgi-automation-challenge.cgi.com",
            "name_servers": [
              "ns1-38.azure-dns.com.",
              "ns2-38.azure-dns.net.",
              "ns3-38.azure-dns.org.",
              "ns4-38.azure-dns.info."
            ],
            "number_of_record_sets": 3,
            "resource_group_name": "nginx-webserver",
            "tags": {},
            "timeouts": null
          },
          "sensitive_attributes": [],
          "private": "eyJlMmJmYjczMC1lY2FhLTExZTYtOGY4OC0zNDM2M2JjN2M0YzAiOnsiY3JlYXRlIjoxODAwMDAwMDAwMDAwLCJkZWxldGUiOjE4MDAwMDAwMDAwMDAsInJlYWQiOjMwMDAwMDAwMDAwMCwidXBkYXRlIjoxODAwMDAwMDAwMDAwfX0="
        }
      ]
    },
    {
      "mode": "managed",
      "type": "azurerm_network_interface",
      "name": "webserver",
      "provider": "provider[\"registry.terraform.io/hashicorp/azurerm\"]",
      "instances": [
        {
          "schema_version": 0,
          "attributes": {
            "applied_dns_servers": [],
            "dns_servers": [],
            "enable_accelerated_networking": false,
            "enable_ip_forwarding": false,
            "id": "/subscriptions/b86829c3-25e9-4a83-b961-836bb4549473/resourceGroups/nginx-webserver/providers/Microsoft.Network/networkInterfaces/nginx-interface",
            "internal_dns_name_label": "",
            "internal_domain_name_suffix": "pkm1fvtpmmderewy2ys4uyqddb.fx.internal.cloudapp.net",
            "ip_configuration": [
              {
                "name": "internal",
                "primary": true,
                "private_ip_address": "10.0.1.4",
                "private_ip_address_allocation": "Dynamic",
                "private_ip_address_version": "IPv4",
                "public_ip_address_id": "/subscriptions/b86829c3-25e9-4a83-b961-836bb4549473/resourceGroups/nginx-webserver/providers/Microsoft.Network/publicIPAddresses/webserver_public_ip",
                "subnet_id": "/subscriptions/b86829c3-25e9-4a83-b961-836bb4549473/resourceGroups/nginx-webserver/providers/Microsoft.Network/virtualNetworks/acctvnet/subnets/subnet1"
              }
            ],
            "location": "northeurope",
            "mac_address": "",
            "name": "nginx-interface",
            "private_ip_address": "10.0.1.4",
            "private_ip_addresses": [
              "10.0.1.4"
            ],
            "resource_group_name": "nginx-webserver",
            "tags": {},
            "timeouts": null,
            "virtual_machine_id": ""
          },
          "sensitive_attributes": [],
          "private": "eyJlMmJmYjczMC1lY2FhLTExZTYtOGY4OC0zNDM2M2JjN2M0YzAiOnsiY3JlYXRlIjoxODAwMDAwMDAwMDAwLCJkZWxldGUiOjE4MDAwMDAwMDAwMDAsInJlYWQiOjMwMDAwMDAwMDAwMCwidXBkYXRlIjoxODAwMDAwMDAwMDAwfX0=",
          "dependencies": [
            "azurerm_public_ip.webserver_public_ip",
            "azurerm_resource_group.webserver",
            "module.network.azurerm_subnet.subnet",
            "module.network.azurerm_virtual_network.vnet",
            "module.network.data.azurerm_resource_group.vnet"
          ]
        }
      ]
    },
    {
      "mode": "managed",
      "type": "azurerm_network_security_group",
      "name": "allowedports",
      "provider": "provider[\"registry.terraform.io/hashicorp/azurerm\"]",
      "instances": [
        {
          "schema_version": 0,
          "attributes": {
            "id": "/subscriptions/b86829c3-25e9-4a83-b961-836bb4549473/resourceGroups/nginx-webserver/providers/Microsoft.Network/networkSecurityGroups/allowedports",
            "location": "northeurope",
            "name": "allowedports",
            "resource_group_name": "nginx-webserver",
            "security_rule": [
              {
                "access": "Allow",
                "description": "",
                "destination_address_prefix": "*",
                "destination_address_prefixes": [],
                "destination_application_security_group_ids": [],
                "destination_port_range": "22",
                "destination_port_ranges": [],
                "direction": "Inbound",
                "name": "ssh",
                "priority": 300,
                "protocol": "Tcp",
                "source_address_prefix": "*",
                "source_address_prefixes": [],
                "source_application_security_group_ids": [],
                "source_port_range": "*",
                "source_port_ranges": []
              },
              {
                "access": "Allow",
                "description": "",
                "destination_address_prefix": "*",
                "destination_address_prefixes": [],
                "destination_application_security_group_ids": [],
                "destination_port_range": "443",
                "destination_port_ranges": [],
                "direction": "Inbound",
                "name": "https",
                "priority": 200,
                "protocol": "Tcp",
                "source_address_prefix": "*",
                "source_address_prefixes": [],
                "source_application_security_group_ids": [],
                "source_port_range": "*",
                "source_port_ranges": []
              },
              {
                "access": "Allow",
                "description": "",
                "destination_address_prefix": "*",
                "destination_address_prefixes": [],
                "destination_application_security_group_ids": [],
                "destination_port_range": "80",
                "destination_port_ranges": [],
                "direction": "Inbound",
                "name": "http",
                "priority": 100,
                "protocol": "Tcp",
                "source_address_prefix": "*",
                "source_address_prefixes": [],
                "source_application_security_group_ids": [],
                "source_port_range": "*",
                "source_port_ranges": []
              }
            ],
            "tags": {},
            "timeouts": null
          },
          "sensitive_attributes": [],
          "private": "eyJlMmJmYjczMC1lY2FhLTExZTYtOGY4OC0zNDM2M2JjN2M0YzAiOnsiY3JlYXRlIjoxODAwMDAwMDAwMDAwLCJkZWxldGUiOjE4MDAwMDAwMDAwMDAsInJlYWQiOjMwMDAwMDAwMDAwMCwidXBkYXRlIjoxODAwMDAwMDAwMDAwfX0="
        }
      ]
    },
    {
      "mode": "managed",
      "type": "azurerm_public_ip",
      "name": "webserver_public_ip",
      "provider": "provider[\"registry.terraform.io/hashicorp/azurerm\"]",
      "instances": [
        {
          "schema_version": 0,
          "attributes": {
            "allocation_method": "Dynamic",
            "domain_name_label": null,
            "fqdn": null,
            "id": "/subscriptions/b86829c3-25e9-4a83-b961-836bb4549473/resourceGroups/nginx-webserver/providers/Microsoft.Network/publicIPAddresses/webserver_public_ip",
            "idle_timeout_in_minutes": 4,
            "ip_address": "",
            "ip_version": "IPv4",
            "location": "northeurope",
            "name": "webserver_public_ip",
            "public_ip_prefix_id": null,
            "resource_group_name": "nginx-webserver",
            "reverse_fqdn": null,
            "sku": "Basic",
            "tags": {
              "costcenter": "it",
              "environment": "dev"
            },
            "timeouts": null,
            "zones": []
          },
          "sensitive_attributes": [],
          "private": "eyJlMmJmYjczMC1lY2FhLTExZTYtOGY4OC0zNDM2M2JjN2M0YzAiOnsiY3JlYXRlIjoxODAwMDAwMDAwMDAwLCJkZWxldGUiOjE4MDAwMDAwMDAwMDAsInJlYWQiOjMwMDAwMDAwMDAwMCwidXBkYXRlIjoxODAwMDAwMDAwMDAwfX0=",
          "dependencies": [
            "azurerm_resource_group.webserver"
          ]
        }
      ]
    },
    {
      "mode": "managed",
      "type": "azurerm_resource_group",
      "name": "webserver",
      "provider": "provider[\"registry.terraform.io/hashicorp/azurerm\"]",
      "instances": [
        {
          "schema_version": 0,
          "attributes": {
            "id": "/subscriptions/b86829c3-25e9-4a83-b961-836bb4549473/resourceGroups/nginx-webserver",
            "location": "northeurope",
            "name": "nginx-webserver",
            "tags": {},
            "timeouts": null
          },
          "sensitive_attributes": [],
          "private": "eyJlMmJmYjczMC1lY2FhLTExZTYtOGY4OC0zNDM2M2JjN2M0YzAiOnsiY3JlYXRlIjo1NDAwMDAwMDAwMDAwLCJkZWxldGUiOjU0MDAwMDAwMDAwMDAsInJlYWQiOjMwMDAwMDAwMDAwMCwidXBkYXRlIjo1NDAwMDAwMDAwMDAwfX0="
        }
      ]
    },
    {
      "module": "module.network",
      "mode": "data",
      "type": "azurerm_resource_group",
      "name": "vnet",
      "provider": "provider[\"registry.terraform.io/hashicorp/azurerm\"]",
      "instances": [
        {
          "schema_version": 0,
          "attributes": {
            "id": "/subscriptions/b86829c3-25e9-4a83-b961-836bb4549473/resourceGroups/nginx-webserver",
            "location": "northeurope",
            "name": "nginx-webserver",
            "tags": {},
            "timeouts": null
          },
          "sensitive_attributes": []
        }
      ]
    },
    {
      "module": "module.network",
      "mode": "managed",
      "type": "azurerm_subnet",
      "name": "subnet",
      "provider": "provider[\"registry.terraform.io/hashicorp/azurerm\"]",
      "instances": [
        {
          "index_key": 0,
          "schema_version": 0,
          "attributes": {
            "address_prefix": "10.0.1.0/24",
            "address_prefixes": [
              "10.0.1.0/24"
            ],
            "delegation": [],
            "enforce_private_link_endpoint_network_policies": false,
            "enforce_private_link_service_network_policies": false,
            "id": "/subscriptions/b86829c3-25e9-4a83-b961-836bb4549473/resourceGroups/nginx-webserver/providers/Microsoft.Network/virtualNetworks/acctvnet/subnets/subnet1",
            "name": "subnet1",
            "resource_group_name": "nginx-webserver",
            "service_endpoints": [],
            "timeouts": null,
            "virtual_network_name": "acctvnet"
          },
          "sensitive_attributes": [],
          "private": "eyJlMmJmYjczMC1lY2FhLTExZTYtOGY4OC0zNDM2M2JjN2M0YzAiOnsiY3JlYXRlIjoxODAwMDAwMDAwMDAwLCJkZWxldGUiOjE4MDAwMDAwMDAwMDAsInJlYWQiOjMwMDAwMDAwMDAwMCwidXBkYXRlIjoxODAwMDAwMDAwMDAwfX0=",
          "dependencies": [
            "azurerm_resource_group.webserver",
            "module.network.azurerm_virtual_network.vnet",
            "module.network.data.azurerm_resource_group.vnet"
          ]
        },
        {
          "index_key": 1,
          "schema_version": 0,
          "attributes": {
            "address_prefix": "10.0.2.0/24",
            "address_prefixes": [
              "10.0.2.0/24"
            ],
            "delegation": [],
            "enforce_private_link_endpoint_network_policies": false,
            "enforce_private_link_service_network_policies": false,
            "id": "/subscriptions/b86829c3-25e9-4a83-b961-836bb4549473/resourceGroups/nginx-webserver/providers/Microsoft.Network/virtualNetworks/acctvnet/subnets/subnet2",
            "name": "subnet2",
            "resource_group_name": "nginx-webserver",
            "service_endpoints": [],
            "timeouts": null,
            "virtual_network_name": "acctvnet"
          },
          "sensitive_attributes": [],
          "private": "eyJlMmJmYjczMC1lY2FhLTExZTYtOGY4OC0zNDM2M2JjN2M0YzAiOnsiY3JlYXRlIjoxODAwMDAwMDAwMDAwLCJkZWxldGUiOjE4MDAwMDAwMDAwMDAsInJlYWQiOjMwMDAwMDAwMDAwMCwidXBkYXRlIjoxODAwMDAwMDAwMDAwfX0=",
          "dependencies": [
            "azurerm_resource_group.webserver",
            "module.network.azurerm_virtual_network.vnet",
            "module.network.data.azurerm_resource_group.vnet"
          ]
        }
      ]
    },
    {
      "module": "module.network",
      "mode": "managed",
      "type": "azurerm_subnet_network_security_group_association",
      "name": "vnet",
      "provider": "provider[\"registry.terraform.io/hashicorp/azurerm\"]",
      "instances": [
        {
          "index_key": "subnet1",
          "schema_version": 0,
          "attributes": {
            "id": "/subscriptions/b86829c3-25e9-4a83-b961-836bb4549473/resourceGroups/nginx-webserver/providers/Microsoft.Network/virtualNetworks/acctvnet/subnets/subnet1",
            "network_security_group_id": "/subscriptions/b86829c3-25e9-4a83-b961-836bb4549473/resourceGroups/nginx-webserver/providers/Microsoft.Network/networkSecurityGroups/allowedports",
            "subnet_id": "/subscriptions/b86829c3-25e9-4a83-b961-836bb4549473/resourceGroups/nginx-webserver/providers/Microsoft.Network/virtualNetworks/acctvnet/subnets/subnet1",
            "timeouts": null
          },
          "sensitive_attributes": [],
          "private": "eyJlMmJmYjczMC1lY2FhLTExZTYtOGY4OC0zNDM2M2JjN2M0YzAiOnsiY3JlYXRlIjoxODAwMDAwMDAwMDAwLCJkZWxldGUiOjE4MDAwMDAwMDAwMDAsInJlYWQiOjMwMDAwMDAwMDAwMCwidXBkYXRlIjoxODAwMDAwMDAwMDAwfX0=",
          "dependencies": [
            "azurerm_network_security_group.allowedports",
            "azurerm_resource_group.webserver",
            "module.network.azurerm_subnet.subnet",
            "module.network.azurerm_virtual_network.vnet",
            "module.network.data.azurerm_resource_group.vnet"
          ]
        }
      ]
    },
    {
      "module": "module.network",
      "mode": "managed",
      "type": "azurerm_virtual_network",
      "name": "vnet",
      "provider": "provider[\"registry.terraform.io/hashicorp/azurerm\"]",
      "instances": [
        {
          "schema_version": 0,
          "attributes": {
            "address_space": [
              "10.0.0.0/16"
            ],
            "ddos_protection_plan": [],
            "dns_servers": [],
            "guid": "d6b2997a-636f-4806-92d8-e625ea620319",
            "id": "/subscriptions/b86829c3-25e9-4a83-b961-836bb4549473/resourceGroups/nginx-webserver/providers/Microsoft.Network/virtualNetworks/acctvnet",
            "location": "northeurope",
            "name": "acctvnet",
            "resource_group_name": "nginx-webserver",
            "subnet": [
              {
                "address_prefix": "10.0.1.0/24",
                "id": "/subscriptions/b86829c3-25e9-4a83-b961-836bb4549473/resourceGroups/nginx-webserver/providers/Microsoft.Network/virtualNetworks/acctvnet/subnets/subnet1",
                "name": "subnet1",
                "security_group": "/subscriptions/b86829c3-25e9-4a83-b961-836bb4549473/resourceGroups/nginx-webserver/providers/Microsoft.Network/networkSecurityGroups/allowedports"
              },
              {
                "address_prefix": "10.0.2.0/24",
                "id": "/subscriptions/b86829c3-25e9-4a83-b961-836bb4549473/resourceGroups/nginx-webserver/providers/Microsoft.Network/virtualNetworks/acctvnet/subnets/subnet2",
                "name": "subnet2",
                "security_group": ""
              }
            ],
            "tags": {
              "costcenter": "it",
              "environment": "dev"
            },
            "timeouts": null
          },
          "sensitive_attributes": [],
          "private": "eyJlMmJmYjczMC1lY2FhLTExZTYtOGY4OC0zNDM2M2JjN2M0YzAiOnsiY3JlYXRlIjoxODAwMDAwMDAwMDAwLCJkZWxldGUiOjE4MDAwMDAwMDAwMDAsInJlYWQiOjMwMDAwMDAwMDAwMCwidXBkYXRlIjoxODAwMDAwMDAwMDAwfX0=",
          "dependencies": [
            "azurerm_resource_group.webserver",
            "module.network.data.azurerm_resource_group.vnet"
          ]
        }
      ]
    }
  ],
  "check_results": null
}
